// !$*UTF8*$!
{
	archiveVersion = 1;
	classes = {
	};
	objectVersion = 50;
	objects = {

/* Begin PBXBuildFile section */
		4562EA9B2504F8B100854425 /* CollectionViewCell.swift in Sources */ = {isa = PBXBuildFile; fileRef = 4562EA9A2504F8B100854425 /* CollectionViewCell.swift */; };
		AAE6E2552504B7F4004ADFC5 /* AppDelegate.swift in Sources */ = {isa = PBXBuildFile; fileRef = AAE6E2542504B7F4004ADFC5 /* AppDelegate.swift */; };
		AAE6E2572504B7F4004ADFC5 /* SceneDelegate.swift in Sources */ = {isa = PBXBuildFile; fileRef = AAE6E2562504B7F4004ADFC5 /* SceneDelegate.swift */; };
		AAE6E2592504B7F4004ADFC5 /* ViewController.swift in Sources */ = {isa = PBXBuildFile; fileRef = AAE6E2582504B7F4004ADFC5 /* ViewController.swift */; };
		AAE6E25C2504B7F4004ADFC5 /* Main.storyboard in Resources */ = {isa = PBXBuildFile; fileRef = AAE6E25A2504B7F4004ADFC5 /* Main.storyboard */; };
		AAE6E25E2504B7F7004ADFC5 /* Assets.xcassets in Resources */ = {isa = PBXBuildFile; fileRef = AAE6E25D2504B7F7004ADFC5 /* Assets.xcassets */; };
		AAE6E2612504B7F7004ADFC5 /* LaunchScreen.storyboard in Resources */ = {isa = PBXBuildFile; fileRef = AAE6E25F2504B7F7004ADFC5 /* LaunchScreen.storyboard */; };
		AAE6E2692504B84F004ADFC5 /* CollectionViewController.swift in Sources */ = {isa = PBXBuildFile; fileRef = AAE6E2682504B84F004ADFC5 /* CollectionViewController.swift */; };
/* End PBXBuildFile section */

/* Begin PBXFileReference section */
		4562EA9A2504F8B100854425 /* CollectionViewCell.swift */ = {isa = PBXFileReference; lastKnownFileType = sourcecode.swift; path = CollectionViewCell.swift; sourceTree = "<group>"; };
		AAE6E2512504B7F4004ADFC5 /* CollectionVC.app */ = {isa = PBXFileReference; explicitFileType = wrapper.application; includeInIndex = 0; path = CollectionVC.app; sourceTree = BUILT_PRODUCTS_DIR; };
		AAE6E2542504B7F4004ADFC5 /* AppDelegate.swift */ = {isa = PBXFileReference; lastKnownFileType = sourcecode.swift; path = AppDelegate.swift; sourceTree = "<group>"; };
		AAE6E2562504B7F4004ADFC5 /* SceneDelegate.swift */ = {isa = PBXFileReference; lastKnownFileType = sourcecode.swift; path = SceneDelegate.swift; sourceTree = "<group>"; };
		AAE6E2582504B7F4004ADFC5 /* ViewController.swift */ = {isa = PBXFileReference; lastKnownFileType = sourcecode.swift; path = ViewController.swift; sourceTree = "<group>"; };
		AAE6E25B2504B7F4004ADFC5 /* Base */ = {isa = PBXFileReference; lastKnownFileType = file.storyboard; name = Base; path = Base.lproj/Main.storyboard; sourceTree = "<group>"; };
		AAE6E25D2504B7F7004ADFC5 /* Assets.xcassets */ = {isa = PBXFileReference; lastKnownFileType = folder.assetcatalog; path = Assets.xcassets; sourceTree = "<group>"; };
		AAE6E2602504B7F7004ADFC5 /* Base */ = {isa = PBXFileReference; lastKnownFileType = file.storyboard; name = Base; path = Base.lproj/LaunchScreen.storyboard; sourceTree = "<group>"; };
		AAE6E2622504B7F7004ADFC5 /* Info.plist */ = {isa = PBXFileReference; lastKnownFileType = text.plist.xml; path = Info.plist; sourceTree = "<group>"; };
		AAE6E2682504B84F004ADFC5 /* CollectionViewController.swift */ = {isa = PBXFileReference; lastKnownFileType = sourcecode.swift; path = CollectionViewController.swift; sourceTree = "<group>"; };
/* End PBXFileReference section */

/* Begin PBXFrameworksBuildPhase section */
		AAE6E24E2504B7F4004ADFC5 /* Frameworks */ = {
			isa = PBXFrameworksBuildPhase;
			buildActionMask = 2147483647;
			files = (
			);
			runOnlyForDeploymentPostprocessing = 0;
		};
/* End PBXFrameworksBuildPhase section */

/* Begin PBXGroup section */
		AAE6E2482504B7F4004ADFC5 = {
			isa = PBXGroup;
			children = (
				AAE6E2532504B7F4004ADFC5 /* CollectionVC */,
				AAE6E2522504B7F4004ADFC5 /* Products */,
			);
			sourceTree = "<group>";
		};
		AAE6E2522504B7F4004ADFC5 /* Products */ = {
			isa = PBXGroup;
			children = (
				AAE6E2512504B7F4004ADFC5 /* CollectionVC.app */,
			);
			name = Products;
			sourceTree = "<group>";
		};
		AAE6E2532504B7F4004ADFC5 /* CollectionVC */ = {
			isa = PBXGroup;
			children = (
				AAE6E2542504B7F4004ADFC5 /* AppDelegate.swift */,
				AAE6E2562504B7F4004ADFC5 /* SceneDelegate.swift */,
				AAE6E2582504B7F4004ADFC5 /* ViewController.swift */,
				AAE6E2682504B84F004ADFC5 /* CollectionViewController.swift */,
				4562EA9A2504F8B100854425 /* CollectionViewCell.swift */,
				AAE6E25A2504B7F4004ADFC5 /* Main.storyboard */,
				AAE6E25D2504B7F7004ADFC5 /* Assets.xcassets */,
				AAE6E25F2504B7F7004ADFC5 /* LaunchScreen.storyboard */,
				AAE6E2622504B7F7004ADFC5 /* Info.plist */,
			);
			path = CollectionVC;
			sourceTree = "<group>";
		};
/* End PBXGroup section */

/* Begin PBXNativeTarget section */
		AAE6E2502504B7F4004ADFC5 /* CollectionVC */ = {
			isa = PBXNativeTarget;
			buildConfigurationList = AAE6E2652504B7F7004ADFC5 /* Build configuration list for PBXNativeTarget "CollectionVC" */;
			buildPhases = (
				AAE6E24D2504B7F4004ADFC5 /* Sources */,
				AAE6E24E2504B7F4004ADFC5 /* Frameworks */,
				AAE6E24F2504B7F4004ADFC5 /* Resources */,
			);
			buildRules = (
			);
			dependencies = (
			);
			name = CollectionVC;
			productName = CollectionVC;
			productReference = AAE6E2512504B7F4004ADFC5 /* CollectionVC.app */;
			productType = "com.apple.product-type.application";
		};
/* End PBXNativeTarget section */

/* Begin PBXProject section */
		AAE6E2492504B7F4004ADFC5 /* Project object */ = {
			isa = PBXProject;
			attributes = {
				LastSwiftUpdateCheck = 1170;
				LastUpgradeCheck = 1170;
				ORGANIZATIONNAME = steve;
				TargetAttributes = {
					AAE6E2502504B7F4004ADFC5 = {
						CreatedOnToolsVersion = 11.7;
					};
				};
			};
			buildConfigurationList = AAE6E24C2504B7F4004ADFC5 /* Build configuration list for PBXProject "CollectionVC" */;
			compatibilityVersion = "Xcode 9.3";
			developmentRegion = en;
			hasScannedForEncodings = 0;
			knownRegions = (
				en,
				Base,
			);
			mainGroup = AAE6E2482504B7F4004ADFC5;
			productRefGroup = AAE6E2522504B7F4004ADFC5 /* Products */;
			projectDirPath = "";
			projectRoot = "";
			targets = (
				AAE6E2502504B7F4004ADFC5 /* CollectionVC */,
			);
		};
/* End PBXProject section */

/* Begin PBXResourcesBuildPhase section */
		AAE6E24F2504B7F4004ADFC5 /* Resources */ = {
			isa = PBXResourcesBuildPhase;
			buildActionMask = 2147483647;
			files = (
				AAE6E2612504B7F7004ADFC5 /* LaunchScreen.storyboard in Resources */,
				AAE6E25E2504B7F7004ADFC5 /* Assets.xcassets in Resources */,
				AAE6E25C2504B7F4004ADFC5 /* Main.storyboard in Resources */,
			);
			runOnlyForDeploymentPostprocessing = 0;
		};
/* End PBXResourcesBuildPhase section */

/* Begin PBXSourcesBuildPhase section */
		AAE6E24D2504B7F4004ADFC5 /* Sources */ = {
			isa = PBXSourcesBuildPhase;
			buildActionMask = 2147483647;
			files = (
				4562EA9B2504F8B100854425 /* CollectionViewCell.swift in Sources */,
				AAE6E2692504B84F004ADFC5 /* CollectionViewController.swift in Sources */,
				AAE6E2592504B7F4004ADFC5 /* ViewController.swift in Sources */,
				AAE6E2552504B7F4004ADFC5 /* AppDelegate.swift in Sources */,
				AAE6E2572504B7F4004ADFC5 /* SceneDelegate.swift in Sources */,
			);
			runOnlyForDeploymentPostprocessing = 0;
		};
/* End PBXSourcesBuildPhase section */

/* Begin PBXVariantGroup section */
		AAE6E25A2504B7F4004ADFC5 /* Main.storyboard */ = {
			isa = PBXVariantGroup;
			children = (
				AAE6E25B2504B7F4004ADFC5 /* Base */,
			);
			name = Main.storyboard;
			sourceTree = "<group>";
		};
		AAE6E25F2504B7F7004ADFC5 /* LaunchScreen.storyboard */ = {
			isa = PBXVariantGroup;
			children = (
				AAE6E2602504B7F7004ADFC5 /* Base */,
			);
			name = LaunchScreen.storyboard;
			sourceTree = "<group>";
		};
/* End PBXVariantGroup section */

/* Begin XCBuildConfiguration section */
		AAE6E2632504B7F7004ADFC5 /* Debug */ = {
			isa = XCBuildConfiguration;
			buildSettings = {
				ALWAYS_SEARCH_USER_PATHS = NO;
				CLANG_ANALYZER_NONNULL = YES;
				CLANG_ANALYZER_NUMBER_OBJECT_CONVERSION = YES_AGGRESSIVE;
				CLANG_CXX_LANGUAGE_STANDARD = "gnu++14";
				CLANG_CXX_LIBRARY = "libc++";
				CLANG_ENABLE_MODULES = YES;
				CLANG_ENABLE_OBJC_ARC = YES;
				CLANG_ENABLE_OBJC_WEAK = YES;
				CLANG_WARN_BLOCK_CAPTURE_AUTORELEASING = YES;
				CLANG_WARN_BOOL_CONVERSION = YES;
				CLANG_WARN_COMMA = YES;
				CLANG_WARN_CONSTANT_CONVERSION = YES;
				CLANG_WARN_DEPRECATED_OBJC_IMPLEMENTATIONS = YES;
				CLANG_WARN_DIRECT_OBJC_ISA_USAGE = YES_ERROR;
				CLANG_WARN_DOCUMENTATION_COMMENTS = YES;
				CLANG_WARN_EMPTY_BODY = YES;
				CLANG_WARN_ENUM_CONVERSION = YES;
				CLANG_WARN_INFINITE_RECURSION = YES;
				CLANG_WARN_INT_CONVERSION = YES;
				CLANG_WARN_NON_LITERAL_NULL_CONVERSION = YES;
				CLANG_WARN_OBJC_IMPLICIT_RETAIN_SELF = YES;
				CLANG_WARN_OBJC_LITERAL_CONVERSION = YES;
				CLANG_WARN_OBJC_ROOT_CLASS = YES_ERROR;
				CLANG_WARN_RANGE_LOOP_ANALYSIS = YES;
				CLANG_WARN_STRICT_PROTOTYPES = YES;
				CLANG_WARN_SUSPICIOUS_MOVE = YES;
				CLANG_WARN_UNGUARDED_AVAILABILITY = YES_AGGRESSIVE;
				CLANG_WARN_UNREACHABLE_CODE = YES;
				CLANG_WARN__DUPLICATE_METHOD_MATCH = YES;
				COPY_PHASE_STRIP = NO;
				DEBUG_INFORMATION_FORMAT = dwarf;
				ENABLE_STRICT_OBJC_MSGSEND = YES;
				ENABLE_TESTABILITY = YES;
				GCC_C_LANGUAGE_STANDARD = gnu11;
				GCC_DYNAMIC_NO_PIC = NO;
				GCC_NO_COMMON_BLOCKS = YES;
				GCC_OPTIMIZATION_LEVEL = 0;
				GCC_PREPROCESSOR_DEFINITIONS = (
					"DEBUG=1",
					"$(inherited)",
				);
				GCC_WARN_64_TO_32_BIT_CONVERSION = YES;
				GCC_WARN_ABOUT_RETURN_TYPE = YES_ERROR;
				GCC_WARN_UNDECLARED_SELECTOR = YES;
				GCC_WARN_UNINITIALIZED_AUTOS = YES_AGGRESSIVE;
				GCC_WARN_UNUSED_FUNCTION = YES;
				GCC_WARN_UNUSED_VARIABLE = YES;
				IPHONEOS_DEPLOYMENT_TARGET = 13.7;
				MTL_ENABLE_DEBUG_INFO = INCLUDE_SOURCE;
				MTL_FAST_MATH = YES;
				ONLY_ACTIVE_ARCH = YES;
				SDKROOT = iphoneos;
				SWIFT_ACTIVE_COMPILATION_CONDITIONS = DEBUG;
				SWIFT_OPTIMIZATION_LEVEL = "-Onone";
			};
			name = Debug;
		};
		AAE6E2642504B7F7004ADFC5 /* Release */ = {
			isa = XCBuildConfiguration;
			buildSettings = {
				ALWAYS_SEARCH_USER_PATHS = NO;
				CLANG_ANALYZER_NONNULL = YES;
				CLANG_ANALYZER_NUMBER_OBJECT_CONVERSION = YES_AGGRESSIVE;
				CLANG_CXX_LANGUAGE_STANDARD = "gnu++14";
				CLANG_CXX_LIBRARY = "libc++";
				CLANG_ENABLE_MODULES = YES;
				CLANG_ENABLE_OBJC_ARC = YES;
				CLANG_ENABLE_OBJC_WEAK = YES;
				CLANG_WARN_BLOCK_CAPTURE_AUTORELEASING = YES;
				CLANG_WARN_BOOL_CONVERSION = YES;
				CLANG_WARN_COMMA = YES;
				CLANG_WARN_CONSTANT_CONVERSION = YES;
				CLANG_WARN_DEPRECATED_OBJC_IMPLEMENTATIONS = YES;
				CLANG_WARN_DIRECT_OBJC_ISA_USAGE = YES_ERROR;
				CLANG_WARN_DOCUMENTATION_COMMENTS = YES;
				CLANG_WARN_EMPTY_BODY = YES;
				CLANG_WARN_ENUM_CONVERSION = YES;
				CLANG_WARN_INFINITE_RECURSION = YES;
				CLANG_WARN_INT_CONVERSION = YES;
				CLANG_WARN_NON_LITERAL_NULL_CONVERSION = YES;
				CLANG_WARN_OBJC_IMPLICIT_RETAIN_SELF = YES;
				CLANG_WARN_OBJC_LITERAL_CONVERSION = YES;
				CLANG_WARN_OBJC_ROOT_CLASS = YES_ERROR;
				CLANG_WARN_RANGE_LOOP_ANALYSIS = YES;
				CLANG_WARN_STRICT_PROTOTYPES = YES;
				CLANG_WARN_SUSPICIOUS_MOVE = YES;
				CLANG_WARN_UNGUARDED_AVAILABILITY = YES_AGGRESSIVE;
				CLANG_WARN_UNREACHABLE_CODE = YES;
				CLANG_WARN__DUPLICATE_METHOD_MATCH = YES;
				COPY_PHASE_STRIP = NO;
				DEBUG_INFORMATION_FORMAT = "dwarf-with-dsym";
				ENABLE_NS_ASSERTIONS = NO;
				ENABLE_STRICT_OBJC_MSGSEND = YES;
				GCC_C_LANGUAGE_STANDARD = gnu11;
				GCC_NO_COMMON_BLOCKS = YES;
				GCC_WARN_64_TO_32_BIT_CONVERSION = YES;
				GCC_WARN_ABOUT_RETURN_TYPE = YES_ERROR;
				GCC_WARN_UNDECLARED_SELECTOR = YES;
				GCC_WARN_UNINITIALIZED_AUTOS = YES_AGGRESSIVE;
				GCC_WARN_UNUSED_FUNCTION = YES;
				GCC_WARN_UNUSED_VARIABLE = YES;
				IPHONEOS_DEPLOYMENT_TARGET = 13.7;
				MTL_ENABLE_DEBUG_INFO = NO;
				MTL_FAST_MATH = YES;
				SDKROOT = iphoneos;
				SWIFT_COMPILATION_MODE = wholemodule;
				SWIFT_OPTIMIZATION_LEVEL = "-O";
				VALIDATE_PRODUCT = YES;
			};
			name = Release;
		};
		AAE6E2662504B7F7004ADFC5 /* Debug */ = {
			isa = XCBuildConfiguration;
			buildSettings = {
				ASSETCATALOG_COMPILER_APPICON_NAME = AppIcon;
				CODE_SIGN_STYLE = Automatic;
				DEVELOPMENT_TEAM = CRRHPL54XG;
				INFOPLIST_FILE = CollectionVC/Info.plist;
				LD_RUNPATH_SEARCH_PATHS = (
					"$(inherited)",
					"@executable_path/Frameworks",
				);
				PRODUCT_BUNDLE_IDENTIFIER = steve.financial.CollectionVC;
				PRODUCT_NAME = "$(TARGET_NAME)";
				SWIFT_VERSION = 5.0;
				TARGETED_DEVICE_FAMILY = "1,2";
			};
			name = Debug;
		};
		AAE6E2672504B7F7004ADFC5 /* Release */ = {
			isa = XCBuildConfiguration;
			buildSettings = {
				ASSETCATALOG_COMPILER_APPICON_NAME = AppIcon;
				CODE_SIGN_STYLE = Automatic;
				DEVELOPMENT_TEAM = CRRHPL54XG;
				INFOPLIST_FILE = CollectionVC/Info.plist;
				LD_RUNPATH_SEARCH_PATHS = (
					"$(inherited)",
					"@executable_path/Frameworks",
				);
				PRODUCT_BUNDLE_IDENTIFIER = steve.financial.CollectionVC;
				PRODUCT_NAME = "$(TARGET_NAME)";
				SWIFT_VERSION = 5.0;
				TARGETED_DEVICE_FAMILY = "1,2";
			};
			name = Release;
		};
/* End XCBuildConfiguration section */

/* Begin XCConfigurationList section */
		AAE6E24C2504B7F4004ADFC5 /* Build configuration list for PBXProject "CollectionVC" */ = {
			isa = XCConfigurationList;
			buildConfigurations = (
				AAE6E2632504B7F7004ADFC5 /* Debug */,
				AAE6E2642504B7F7004ADFC5 /* Release */,
			);
			defaultConfigurationIsVisible = 0;
			defaultConfigurationName = Release;
		};
		AAE6E2652504B7F7004ADFC5 /* Build configuration list for PBXNativeTarget "CollectionVC" */ = {
			isa = XCConfigurationList;
			buildConfigurations = (
				AAE6E2662504B7F7004ADFC5 /* Debug */,
				AAE6E2672504B7F7004ADFC5 /* Release */,
			);
			defaultConfigurationIsVisible = 0;
			defaultConfigurationName = Release;
		};
/* End XCConfigurationList section */
	};
	rootObject = AAE6E2492504B7F4004ADFC5 /* Project object */;
}
